
Microsoft Visual Studio Solution File, Format Version 12.00
# Visual Studio Version 16
VisualStudioVersion = 16.0.28922.388
MinimumVisualStudioVersion = 10.0.40219.1
Project("{888888A0-9F3D-457C-B088-3A5042F75D52}") = "Serveri", "Serveri\Serveri.pyproj", "{D6A94ECE-667C-42C7-AA82-6C5654C33299}"
EndProject
Global
	GlobalSection(SolutionConfigurationPlatforms) = preSolution
		Debug|Any CPU = Debug|Any CPU
		Release|Any CPU = Release|Any CPU
	EndGlobalSection
	GlobalSection(ProjectConfigurationPlatforms) = postSolution
		{D6A94ECE-667C-42C7-AA82-6C5654C33299}.Debug|Any CPU.ActiveCfg = Debug|Any CPU
		{D6A94ECE-667C-42C7-AA82-6C5654C33299}.Release|Any CPU.ActiveCfg = Release|Any CPU
	EndGlobalSection
	GlobalSection(SolutionProperties) = preSolution
		HideSolutionNode = FALSE
	EndGlobalSection
	GlobalSection(ExtensibilityGlobals) = postSolution
		SolutionGuid = {179840B9-9095-431C-BA25-466E82AF7129}
	EndGlobalSection
EndGlobal
